{
  "name": "@theankur/cordova-plugin-file-opener2",
  "version": "1.0.1",
  "lockfileVersion": 2,
  "requires": true,
  "packages": {
    "": {
      "name": "@theankur/cordova-plugin-file-opener2",
      "version": "1.0.1",
      "license": "MIT",
      "engines": {
        "cordova": ">=6.0.0"
      }
    }
  }
}
